
Microsoft Visual Studio Solution File, Format Version 12.00
# Visual Studio Version 17
VisualStudioVersion = 17.8.34408.163
MinimumVisualStudioVersion = 10.0.40219.1
Project("{9A19103F-16F7-4668-BE54-9A1E7A4F7556}") = "Api", "Api\Api.csproj", "{0D207B0D-3359-4D36-AC5C-EA69BAA5A0BB}"
EndProject
Project("{2150E333-8FDC-42A3-9474-1A3956D46DE8}") = "Modules", "Modules", "{104BA27F-12E5-40C2-9A84-FE1B12669981}"
EndProject
Project("{2150E333-8FDC-42A3-9474-1A3956D46DE8}") = "Authorization", "Authorization", "{C015221A-6C90-465D-8CDB-A435FEED5B1A}"
EndProject
Project("{2150E333-8FDC-42A3-9474-1A3956D46DE8}") = "Product", "Product", "{E581BA41-A933-41B2-B272-B3854B9F3DF5}"
EndProject
Project("{9A19103F-16F7-4668-BE54-9A1E7A4F7556}") = "Authorization.Core", "Modules\Authorization\Authorization.Core\Authorization.Core.csproj", "{69748C8F-664E-45DE-B377-BA0032F0F537}"
EndProject
Project("{9A19103F-16F7-4668-BE54-9A1E7A4F7556}") = "Authorization.Inrfrastructure", "Modules\Authorization\Authorization.Inrfrastructure\Authorization.Inrfrastructure.csproj", "{4CBD33CF-A40B-4551-B7F5-71FB9BBFDC26}"
EndProject
Project("{9A19103F-16F7-4668-BE54-9A1E7A4F7556}") = "Authorization.Domain", "Modules\Authorization\Authorization.Domain\Authorization.Domain.csproj", "{87375AC5-744B-4BC5-A401-8B465793CB40}"
EndProject
Project("{9A19103F-16F7-4668-BE54-9A1E7A4F7556}") = "Product.Core", "Modules\Product\Product.Core\Product.Core.csproj", "{91EADC71-81BA-44FC-A555-07C72C51849A}"
EndProject
Project("{9A19103F-16F7-4668-BE54-9A1E7A4F7556}") = "Product.Domain", "Modules\Product\Product.Domain\Product.Domain.csproj", "{D0763D53-8B08-4167-AA95-1B02B70B4D98}"
EndProject
Project("{9A19103F-16F7-4668-BE54-9A1E7A4F7556}") = "Product.Infrastructure", "Modules\Product\Product.Infrastructure\Product.Infrastructure.csproj", "{8BFB70ED-CB21-4196-93CC-21B01AC2F015}"
EndProject
Project("{2150E333-8FDC-42A3-9474-1A3956D46DE8}") = "Shared", "Shared", "{E2B1A148-C417-498C-BAC8-32E0A7611A22}"
EndProject
Project("{9A19103F-16F7-4668-BE54-9A1E7A4F7556}") = "Shared.Api", "Shared\Shared.Api\Shared.Api.csproj", "{6A31F38C-D12D-4361-958E-343924C4781D}"
EndProject
Project("{9A19103F-16F7-4668-BE54-9A1E7A4F7556}") = "Shared.Core", "Shared\Shared.Core\Shared.Core.csproj", "{7EC6F10F-0575-4CA9-8A7E-72735830372C}"
EndProject
Project("{9A19103F-16F7-4668-BE54-9A1E7A4F7556}") = "Shared.Domain", "Shared\Shared.Domain\Shared.Domain.csproj", "{9FD4E044-8D04-4C52-9AA4-BBCFF0705923}"
EndProject
Project("{9A19103F-16F7-4668-BE54-9A1E7A4F7556}") = "Shared.Infrastructure", "Shared\Shared.Infrastructure\Shared.Infrastructure.csproj", "{34CF1B9E-53ED-4D43-AF7B-3F81716FF45B}"
EndProject
Global
	GlobalSection(SolutionConfigurationPlatforms) = preSolution
		Debug|Any CPU = Debug|Any CPU
		Release|Any CPU = Release|Any CPU
	EndGlobalSection
	GlobalSection(ProjectConfigurationPlatforms) = postSolution
		{0D207B0D-3359-4D36-AC5C-EA69BAA5A0BB}.Debug|Any CPU.ActiveCfg = Debug|Any CPU
		{0D207B0D-3359-4D36-AC5C-EA69BAA5A0BB}.Debug|Any CPU.Build.0 = Debug|Any CPU
		{0D207B0D-3359-4D36-AC5C-EA69BAA5A0BB}.Release|Any CPU.ActiveCfg = Release|Any CPU
		{0D207B0D-3359-4D36-AC5C-EA69BAA5A0BB}.Release|Any CPU.Build.0 = Release|Any CPU
		{69748C8F-664E-45DE-B377-BA0032F0F537}.Debug|Any CPU.ActiveCfg = Debug|Any CPU
		{69748C8F-664E-45DE-B377-BA0032F0F537}.Debug|Any CPU.Build.0 = Debug|Any CPU
		{69748C8F-664E-45DE-B377-BA0032F0F537}.Release|Any CPU.ActiveCfg = Release|Any CPU
		{69748C8F-664E-45DE-B377-BA0032F0F537}.Release|Any CPU.Build.0 = Release|Any CPU
		{4CBD33CF-A40B-4551-B7F5-71FB9BBFDC26}.Debug|Any CPU.ActiveCfg = Debug|Any CPU
		{4CBD33CF-A40B-4551-B7F5-71FB9BBFDC26}.Debug|Any CPU.Build.0 = Debug|Any CPU
		{4CBD33CF-A40B-4551-B7F5-71FB9BBFDC26}.Release|Any CPU.ActiveCfg = Release|Any CPU
		{4CBD33CF-A40B-4551-B7F5-71FB9BBFDC26}.Release|Any CPU.Build.0 = Release|Any CPU
		{87375AC5-744B-4BC5-A401-8B465793CB40}.Debug|Any CPU.ActiveCfg = Debug|Any CPU
		{87375AC5-744B-4BC5-A401-8B465793CB40}.Debug|Any CPU.Build.0 = Debug|Any CPU
		{87375AC5-744B-4BC5-A401-8B465793CB40}.Release|Any CPU.ActiveCfg = Release|Any CPU
		{87375AC5-744B-4BC5-A401-8B465793CB40}.Release|Any CPU.Build.0 = Release|Any CPU
		{91EADC71-81BA-44FC-A555-07C72C51849A}.Debug|Any CPU.ActiveCfg = Debug|Any CPU
		{91EADC71-81BA-44FC-A555-07C72C51849A}.Debug|Any CPU.Build.0 = Debug|Any CPU
		{91EADC71-81BA-44FC-A555-07C72C51849A}.Release|Any CPU.ActiveCfg = Release|Any CPU
		{91EADC71-81BA-44FC-A555-07C72C51849A}.Release|Any CPU.Build.0 = Release|Any CPU
		{D0763D53-8B08-4167-AA95-1B02B70B4D98}.Debug|Any CPU.ActiveCfg = Debug|Any CPU
		{D0763D53-8B08-4167-AA95-1B02B70B4D98}.Debug|Any CPU.Build.0 = Debug|Any CPU
		{D0763D53-8B08-4167-AA95-1B02B70B4D98}.Release|Any CPU.ActiveCfg = Release|Any CPU
		{D0763D53-8B08-4167-AA95-1B02B70B4D98}.Release|Any CPU.Build.0 = Release|Any CPU
		{8BFB70ED-CB21-4196-93CC-21B01AC2F015}.Debug|Any CPU.ActiveCfg = Debug|Any CPU
		{8BFB70ED-CB21-4196-93CC-21B01AC2F015}.Debug|Any CPU.Build.0 = Debug|Any CPU
		{8BFB70ED-CB21-4196-93CC-21B01AC2F015}.Release|Any CPU.ActiveCfg = Release|Any CPU
		{8BFB70ED-CB21-4196-93CC-21B01AC2F015}.Release|Any CPU.Build.0 = Release|Any CPU
		{6A31F38C-D12D-4361-958E-343924C4781D}.Debug|Any CPU.ActiveCfg = Debug|Any CPU
		{6A31F38C-D12D-4361-958E-343924C4781D}.Debug|Any CPU.Build.0 = Debug|Any CPU
		{6A31F38C-D12D-4361-958E-343924C4781D}.Release|Any CPU.ActiveCfg = Release|Any CPU
		{6A31F38C-D12D-4361-958E-343924C4781D}.Release|Any CPU.Build.0 = Release|Any CPU
		{7EC6F10F-0575-4CA9-8A7E-72735830372C}.Debug|Any CPU.ActiveCfg = Debug|Any CPU
		{7EC6F10F-0575-4CA9-8A7E-72735830372C}.Debug|Any CPU.Build.0 = Debug|Any CPU
		{7EC6F10F-0575-4CA9-8A7E-72735830372C}.Release|Any CPU.ActiveCfg = Release|Any CPU
		{7EC6F10F-0575-4CA9-8A7E-72735830372C}.Release|Any CPU.Build.0 = Release|Any CPU
		{9FD4E044-8D04-4C52-9AA4-BBCFF0705923}.Debug|Any CPU.ActiveCfg = Debug|Any CPU
		{9FD4E044-8D04-4C52-9AA4-BBCFF0705923}.Debug|Any CPU.Build.0 = Debug|Any CPU
		{9FD4E044-8D04-4C52-9AA4-BBCFF0705923}.Release|Any CPU.ActiveCfg = Release|Any CPU
		{9FD4E044-8D04-4C52-9AA4-BBCFF0705923}.Release|Any CPU.Build.0 = Release|Any CPU
		{34CF1B9E-53ED-4D43-AF7B-3F81716FF45B}.Debug|Any CPU.ActiveCfg = Debug|Any CPU
		{34CF1B9E-53ED-4D43-AF7B-3F81716FF45B}.Debug|Any CPU.Build.0 = Debug|Any CPU
		{34CF1B9E-53ED-4D43-AF7B-3F81716FF45B}.Release|Any CPU.ActiveCfg = Release|Any CPU
		{34CF1B9E-53ED-4D43-AF7B-3F81716FF45B}.Release|Any CPU.Build.0 = Release|Any CPU
	EndGlobalSection
	GlobalSection(SolutionProperties) = preSolution
		HideSolutionNode = FALSE
	EndGlobalSection
	GlobalSection(NestedProjects) = preSolution
		{C015221A-6C90-465D-8CDB-A435FEED5B1A} = {104BA27F-12E5-40C2-9A84-FE1B12669981}
		{E581BA41-A933-41B2-B272-B3854B9F3DF5} = {104BA27F-12E5-40C2-9A84-FE1B12669981}
		{69748C8F-664E-45DE-B377-BA0032F0F537} = {C015221A-6C90-465D-8CDB-A435FEED5B1A}
		{4CBD33CF-A40B-4551-B7F5-71FB9BBFDC26} = {C015221A-6C90-465D-8CDB-A435FEED5B1A}
		{87375AC5-744B-4BC5-A401-8B465793CB40} = {C015221A-6C90-465D-8CDB-A435FEED5B1A}
		{91EADC71-81BA-44FC-A555-07C72C51849A} = {E581BA41-A933-41B2-B272-B3854B9F3DF5}
		{D0763D53-8B08-4167-AA95-1B02B70B4D98} = {E581BA41-A933-41B2-B272-B3854B9F3DF5}
		{8BFB70ED-CB21-4196-93CC-21B01AC2F015} = {E581BA41-A933-41B2-B272-B3854B9F3DF5}
		{6A31F38C-D12D-4361-958E-343924C4781D} = {E2B1A148-C417-498C-BAC8-32E0A7611A22}
		{7EC6F10F-0575-4CA9-8A7E-72735830372C} = {E2B1A148-C417-498C-BAC8-32E0A7611A22}
		{9FD4E044-8D04-4C52-9AA4-BBCFF0705923} = {E2B1A148-C417-498C-BAC8-32E0A7611A22}
		{34CF1B9E-53ED-4D43-AF7B-3F81716FF45B} = {E2B1A148-C417-498C-BAC8-32E0A7611A22}
	EndGlobalSection
	GlobalSection(ExtensibilityGlobals) = postSolution
		SolutionGuid = {839C8B2F-2FD5-4DB1-9272-C520B41954F5}
	EndGlobalSection
EndGlobal
