
Microsoft Visual Studio Solution File, Format Version 12.00
# Visual Studio Version 17
VisualStudioVersion = 17.8.34408.163
MinimumVisualStudioVersion = 10.0.40219.1
Project("{9A19103F-16F7-4668-BE54-9A1E7A4F7556}") = "Api", "Api\Api.csproj", "{0D207B0D-3359-4D36-AC5C-EA69BAA5A0BB}"
EndProject
Project("{2150E333-8FDC-42A3-9474-1A3956D46DE8}") = "Modules", "Modules", "{104BA27F-12E5-40C2-9A84-FE1B12669981}"
EndProject
Project("{2150E333-8FDC-42A3-9474-1A3956D46DE8}") = "Authorization", "Authorization", "{C015221A-6C90-465D-8CDB-A435FEED5B1A}"
EndProject
Project("{2150E333-8FDC-42A3-9474-1A3956D46DE8}") = "Product", "Product", "{E581BA41-A933-41B2-B272-B3854B9F3DF5}"
EndProject
Project("{9A19103F-16F7-4668-BE54-9A1E7A4F7556}") = "Authorization.Core", "Modules\Authorization\Authorization.Core\Authorization.Core.csproj", "{69748C8F-664E-45DE-B377-BA0032F0F537}"
EndProject
Project("{9A19103F-16F7-4668-BE54-9A1E7A4F7556}") = "Product.Core", "Modules\Product\Product.Core\Product.Core.csproj", "{91EADC71-81BA-44FC-A555-07C72C51849A}"
EndProject
Project("{9A19103F-16F7-4668-BE54-9A1E7A4F7556}") = "Product.Infrastructure", "Modules\Product\Product.Infrastructure\Product.Infrastructure.csproj", "{8BFB70ED-CB21-4196-93CC-21B01AC2F015}"
EndProject
Project("{2150E333-8FDC-42A3-9474-1A3956D46DE8}") = "Shared", "Shared", "{E2B1A148-C417-498C-BAC8-32E0A7611A22}"
EndProject
Project("{9A19103F-16F7-4668-BE54-9A1E7A4F7556}") = "Shared.Api", "Shared\Shared.Api\Shared.Api.csproj", "{6A31F38C-D12D-4361-958E-343924C4781D}"
EndProject
Project("{9A19103F-16F7-4668-BE54-9A1E7A4F7556}") = "Shared.Core", "Shared\Shared.Core\Shared.Core.csproj", "{7EC6F10F-0575-4CA9-8A7E-72735830372C}"
EndProject
Project("{9A19103F-16F7-4668-BE54-9A1E7A4F7556}") = "Shared.Infrastructure", "Shared\Shared.Infrastructure\Shared.Infrastructure.csproj", "{34CF1B9E-53ED-4D43-AF7B-3F81716FF45B}"
EndProject
Project("{9A19103F-16F7-4668-BE54-9A1E7A4F7556}") = "Authorization.Test", "Modules\Authorization\Authorization.Test\Authorization.Test.csproj", "{581672BC-E4C5-4109-AE08-5DFDBDBA0AAD}"
EndProject
Project("{2150E333-8FDC-42A3-9474-1A3956D46DE8}") = "Shop", "Shop", "{E82940B5-393F-464B-BACB-8C1CFBA46565}"
EndProject
Project("{2150E333-8FDC-42A3-9474-1A3956D46DE8}") = "Warehouse", "Warehouse", "{28517229-64EF-467E-AD1C-B346AF7531B6}"
EndProject
Project("{FAE04EC0-301F-11D3-BF4B-00C04F79EFBC}") = "Shop.Core", "Modules\Shop\Shop.Core\Shop.Core.csproj", "{CC770769-194D-4B5D-9084-797F4E099CF8}"
EndProject
Project("{FAE04EC0-301F-11D3-BF4B-00C04F79EFBC}") = "Shop.Infrastructure", "Modules\Shop\Shop.Infrastructure\Shop.Infrastructure.csproj", "{03A9479A-66FD-48F6-9C96-C4EAC1BEF388}"
EndProject
Project("{FAE04EC0-301F-11D3-BF4B-00C04F79EFBC}") = "Warehouse.Core", "Modules\Warehouse\Warehouse.Core\Warehouse.Core.csproj", "{76FC21E9-3D14-4E54-BD10-D7A017846D16}"
EndProject
Project("{FAE04EC0-301F-11D3-BF4B-00C04F79EFBC}") = "Warehouse.Infrastructure", "Modules\Warehouse\Warehouse.Infrastructure\Warehouse.Infrastructure.csproj", "{4EC50CC9-AF3B-4E49-900D-0C2E1EDCB342}"
EndProject
Project("{2150E333-8FDC-42A3-9474-1A3956D46DE8}") = "File", "File", "{02EA681E-C7D8-13C7-8484-4AC65E1B71E8}"
EndProject
Project("{FAE04EC0-301F-11D3-BF4B-00C04F79EFBC}") = "File.Core", "Modules\File\File.Core\File.Core.csproj", "{6C4206A4-FC7D-4C1C-B5A2-3BC158F3D4A8}"
EndProject
Project("{FAE04EC0-301F-11D3-BF4B-00C04F79EFBC}") = "File.Infrastructure", "Modules\File\File.Infrastructure\File.Infrastructure.csproj", "{9425981A-E214-403C-B1FD-06C28550F681}"
EndProject
Project("{FAE04EC0-301F-11D3-BF4B-00C04F79EFBC}") = "Shop.Test", "Modules\Shop\Shop.Test\Shop.Test.csproj", "{C3D7E43C-B1D3-477E-B0ED-3F157FA6B648}"
EndProject
Project("{FAE04EC0-301F-11D3-BF4B-00C04F79EFBC}") = "Shared.Shared", "Shared\Shared.Shared\Shared.Shared.csproj", "{D999A1E0-0B75-4D32-A6DB-46AD2A296CD8}"
EndProject
Project("{FAE04EC0-301F-11D3-BF4B-00C04F79EFBC}") = "Authorization.Infrastructure", "Modules\Authorization\Authorization.Infrastructure\Authorization.Infrastructure.csproj", "{08BD92EB-E28E-74F9-709C-E31711D13E31}"
EndProject
Global
	GlobalSection(SolutionConfigurationPlatforms) = preSolution
		Debug|Any CPU = Debug|Any CPU
		Release|Any CPU = Release|Any CPU
	EndGlobalSection
	GlobalSection(ProjectConfigurationPlatforms) = postSolution
		{0D207B0D-3359-4D36-AC5C-EA69BAA5A0BB}.Debug|Any CPU.ActiveCfg = Debug|Any CPU
		{0D207B0D-3359-4D36-AC5C-EA69BAA5A0BB}.Debug|Any CPU.Build.0 = Debug|Any CPU
		{0D207B0D-3359-4D36-AC5C-EA69BAA5A0BB}.Release|Any CPU.ActiveCfg = Release|Any CPU
		{0D207B0D-3359-4D36-AC5C-EA69BAA5A0BB}.Release|Any CPU.Build.0 = Release|Any CPU
		{69748C8F-664E-45DE-B377-BA0032F0F537}.Debug|Any CPU.ActiveCfg = Debug|Any CPU
		{69748C8F-664E-45DE-B377-BA0032F0F537}.Debug|Any CPU.Build.0 = Debug|Any CPU
		{69748C8F-664E-45DE-B377-BA0032F0F537}.Release|Any CPU.ActiveCfg = Release|Any CPU
		{69748C8F-664E-45DE-B377-BA0032F0F537}.Release|Any CPU.Build.0 = Release|Any CPU
		{91EADC71-81BA-44FC-A555-07C72C51849A}.Debug|Any CPU.ActiveCfg = Debug|Any CPU
		{91EADC71-81BA-44FC-A555-07C72C51849A}.Debug|Any CPU.Build.0 = Debug|Any CPU
		{91EADC71-81BA-44FC-A555-07C72C51849A}.Release|Any CPU.ActiveCfg = Release|Any CPU
		{91EADC71-81BA-44FC-A555-07C72C51849A}.Release|Any CPU.Build.0 = Release|Any CPU
		{8BFB70ED-CB21-4196-93CC-21B01AC2F015}.Debug|Any CPU.ActiveCfg = Debug|Any CPU
		{8BFB70ED-CB21-4196-93CC-21B01AC2F015}.Debug|Any CPU.Build.0 = Debug|Any CPU
		{8BFB70ED-CB21-4196-93CC-21B01AC2F015}.Release|Any CPU.ActiveCfg = Release|Any CPU
		{8BFB70ED-CB21-4196-93CC-21B01AC2F015}.Release|Any CPU.Build.0 = Release|Any CPU
		{6A31F38C-D12D-4361-958E-343924C4781D}.Debug|Any CPU.ActiveCfg = Debug|Any CPU
		{6A31F38C-D12D-4361-958E-343924C4781D}.Debug|Any CPU.Build.0 = Debug|Any CPU
		{6A31F38C-D12D-4361-958E-343924C4781D}.Release|Any CPU.ActiveCfg = Release|Any CPU
		{6A31F38C-D12D-4361-958E-343924C4781D}.Release|Any CPU.Build.0 = Release|Any CPU
		{7EC6F10F-0575-4CA9-8A7E-72735830372C}.Debug|Any CPU.ActiveCfg = Debug|Any CPU
		{7EC6F10F-0575-4CA9-8A7E-72735830372C}.Debug|Any CPU.Build.0 = Debug|Any CPU
		{7EC6F10F-0575-4CA9-8A7E-72735830372C}.Release|Any CPU.ActiveCfg = Release|Any CPU
		{7EC6F10F-0575-4CA9-8A7E-72735830372C}.Release|Any CPU.Build.0 = Release|Any CPU
		{34CF1B9E-53ED-4D43-AF7B-3F81716FF45B}.Debug|Any CPU.ActiveCfg = Debug|Any CPU
		{34CF1B9E-53ED-4D43-AF7B-3F81716FF45B}.Debug|Any CPU.Build.0 = Debug|Any CPU
		{34CF1B9E-53ED-4D43-AF7B-3F81716FF45B}.Release|Any CPU.ActiveCfg = Release|Any CPU
		{34CF1B9E-53ED-4D43-AF7B-3F81716FF45B}.Release|Any CPU.Build.0 = Release|Any CPU
		{581672BC-E4C5-4109-AE08-5DFDBDBA0AAD}.Debug|Any CPU.ActiveCfg = Debug|Any CPU
		{581672BC-E4C5-4109-AE08-5DFDBDBA0AAD}.Debug|Any CPU.Build.0 = Debug|Any CPU
		{581672BC-E4C5-4109-AE08-5DFDBDBA0AAD}.Release|Any CPU.ActiveCfg = Release|Any CPU
		{581672BC-E4C5-4109-AE08-5DFDBDBA0AAD}.Release|Any CPU.Build.0 = Release|Any CPU
		{CC770769-194D-4B5D-9084-797F4E099CF8}.Debug|Any CPU.ActiveCfg = Debug|Any CPU
		{CC770769-194D-4B5D-9084-797F4E099CF8}.Debug|Any CPU.Build.0 = Debug|Any CPU
		{CC770769-194D-4B5D-9084-797F4E099CF8}.Release|Any CPU.ActiveCfg = Release|Any CPU
		{CC770769-194D-4B5D-9084-797F4E099CF8}.Release|Any CPU.Build.0 = Release|Any CPU
		{03A9479A-66FD-48F6-9C96-C4EAC1BEF388}.Debug|Any CPU.ActiveCfg = Debug|Any CPU
		{03A9479A-66FD-48F6-9C96-C4EAC1BEF388}.Debug|Any CPU.Build.0 = Debug|Any CPU
		{03A9479A-66FD-48F6-9C96-C4EAC1BEF388}.Release|Any CPU.ActiveCfg = Release|Any CPU
		{03A9479A-66FD-48F6-9C96-C4EAC1BEF388}.Release|Any CPU.Build.0 = Release|Any CPU
		{76FC21E9-3D14-4E54-BD10-D7A017846D16}.Debug|Any CPU.ActiveCfg = Debug|Any CPU
		{76FC21E9-3D14-4E54-BD10-D7A017846D16}.Debug|Any CPU.Build.0 = Debug|Any CPU
		{76FC21E9-3D14-4E54-BD10-D7A017846D16}.Release|Any CPU.ActiveCfg = Release|Any CPU
		{76FC21E9-3D14-4E54-BD10-D7A017846D16}.Release|Any CPU.Build.0 = Release|Any CPU
		{4EC50CC9-AF3B-4E49-900D-0C2E1EDCB342}.Debug|Any CPU.ActiveCfg = Debug|Any CPU
		{4EC50CC9-AF3B-4E49-900D-0C2E1EDCB342}.Debug|Any CPU.Build.0 = Debug|Any CPU
		{4EC50CC9-AF3B-4E49-900D-0C2E1EDCB342}.Release|Any CPU.ActiveCfg = Release|Any CPU
		{4EC50CC9-AF3B-4E49-900D-0C2E1EDCB342}.Release|Any CPU.Build.0 = Release|Any CPU
		{6C4206A4-FC7D-4C1C-B5A2-3BC158F3D4A8}.Debug|Any CPU.ActiveCfg = Debug|Any CPU
		{6C4206A4-FC7D-4C1C-B5A2-3BC158F3D4A8}.Debug|Any CPU.Build.0 = Debug|Any CPU
		{6C4206A4-FC7D-4C1C-B5A2-3BC158F3D4A8}.Release|Any CPU.ActiveCfg = Release|Any CPU
		{6C4206A4-FC7D-4C1C-B5A2-3BC158F3D4A8}.Release|Any CPU.Build.0 = Release|Any CPU
		{9425981A-E214-403C-B1FD-06C28550F681}.Debug|Any CPU.ActiveCfg = Debug|Any CPU
		{9425981A-E214-403C-B1FD-06C28550F681}.Debug|Any CPU.Build.0 = Debug|Any CPU
		{9425981A-E214-403C-B1FD-06C28550F681}.Release|Any CPU.ActiveCfg = Release|Any CPU
		{9425981A-E214-403C-B1FD-06C28550F681}.Release|Any CPU.Build.0 = Release|Any CPU
		{C3D7E43C-B1D3-477E-B0ED-3F157FA6B648}.Debug|Any CPU.ActiveCfg = Debug|Any CPU
		{C3D7E43C-B1D3-477E-B0ED-3F157FA6B648}.Debug|Any CPU.Build.0 = Debug|Any CPU
		{C3D7E43C-B1D3-477E-B0ED-3F157FA6B648}.Release|Any CPU.ActiveCfg = Release|Any CPU
		{C3D7E43C-B1D3-477E-B0ED-3F157FA6B648}.Release|Any CPU.Build.0 = Release|Any CPU
		{D999A1E0-0B75-4D32-A6DB-46AD2A296CD8}.Debug|Any CPU.ActiveCfg = Debug|Any CPU
		{D999A1E0-0B75-4D32-A6DB-46AD2A296CD8}.Debug|Any CPU.Build.0 = Debug|Any CPU
		{D999A1E0-0B75-4D32-A6DB-46AD2A296CD8}.Release|Any CPU.ActiveCfg = Release|Any CPU
		{D999A1E0-0B75-4D32-A6DB-46AD2A296CD8}.Release|Any CPU.Build.0 = Release|Any CPU
		{08BD92EB-E28E-74F9-709C-E31711D13E31}.Debug|Any CPU.ActiveCfg = Debug|Any CPU
		{08BD92EB-E28E-74F9-709C-E31711D13E31}.Debug|Any CPU.Build.0 = Debug|Any CPU
		{08BD92EB-E28E-74F9-709C-E31711D13E31}.Release|Any CPU.ActiveCfg = Release|Any CPU
		{08BD92EB-E28E-74F9-709C-E31711D13E31}.Release|Any CPU.Build.0 = Release|Any CPU
	EndGlobalSection
	GlobalSection(SolutionProperties) = preSolution
		HideSolutionNode = FALSE
	EndGlobalSection
	GlobalSection(NestedProjects) = preSolution
		{C015221A-6C90-465D-8CDB-A435FEED5B1A} = {104BA27F-12E5-40C2-9A84-FE1B12669981}
		{E581BA41-A933-41B2-B272-B3854B9F3DF5} = {104BA27F-12E5-40C2-9A84-FE1B12669981}
		{69748C8F-664E-45DE-B377-BA0032F0F537} = {C015221A-6C90-465D-8CDB-A435FEED5B1A}
		{91EADC71-81BA-44FC-A555-07C72C51849A} = {E581BA41-A933-41B2-B272-B3854B9F3DF5}
		{8BFB70ED-CB21-4196-93CC-21B01AC2F015} = {E581BA41-A933-41B2-B272-B3854B9F3DF5}
		{6A31F38C-D12D-4361-958E-343924C4781D} = {E2B1A148-C417-498C-BAC8-32E0A7611A22}
		{7EC6F10F-0575-4CA9-8A7E-72735830372C} = {E2B1A148-C417-498C-BAC8-32E0A7611A22}
		{34CF1B9E-53ED-4D43-AF7B-3F81716FF45B} = {E2B1A148-C417-498C-BAC8-32E0A7611A22}
		{581672BC-E4C5-4109-AE08-5DFDBDBA0AAD} = {C015221A-6C90-465D-8CDB-A435FEED5B1A}
		{E82940B5-393F-464B-BACB-8C1CFBA46565} = {104BA27F-12E5-40C2-9A84-FE1B12669981}
		{28517229-64EF-467E-AD1C-B346AF7531B6} = {104BA27F-12E5-40C2-9A84-FE1B12669981}
		{CC770769-194D-4B5D-9084-797F4E099CF8} = {E82940B5-393F-464B-BACB-8C1CFBA46565}
		{03A9479A-66FD-48F6-9C96-C4EAC1BEF388} = {E82940B5-393F-464B-BACB-8C1CFBA46565}
		{76FC21E9-3D14-4E54-BD10-D7A017846D16} = {28517229-64EF-467E-AD1C-B346AF7531B6}
		{4EC50CC9-AF3B-4E49-900D-0C2E1EDCB342} = {28517229-64EF-467E-AD1C-B346AF7531B6}
		{02EA681E-C7D8-13C7-8484-4AC65E1B71E8} = {104BA27F-12E5-40C2-9A84-FE1B12669981}
		{6C4206A4-FC7D-4C1C-B5A2-3BC158F3D4A8} = {02EA681E-C7D8-13C7-8484-4AC65E1B71E8}
		{9425981A-E214-403C-B1FD-06C28550F681} = {02EA681E-C7D8-13C7-8484-4AC65E1B71E8}
		{C3D7E43C-B1D3-477E-B0ED-3F157FA6B648} = {E82940B5-393F-464B-BACB-8C1CFBA46565}
		{D999A1E0-0B75-4D32-A6DB-46AD2A296CD8} = {E2B1A148-C417-498C-BAC8-32E0A7611A22}
		{08BD92EB-E28E-74F9-709C-E31711D13E31} = {C015221A-6C90-465D-8CDB-A435FEED5B1A}
	EndGlobalSection
	GlobalSection(ExtensibilityGlobals) = postSolution
		SolutionGuid = {839C8B2F-2FD5-4DB1-9272-C520B41954F5}
	EndGlobalSection
EndGlobal
